
Microsoft Visual Studio Solution File, Format Version 12.00
# Visual Studio Version 17
VisualStudioVersion = 17.14.36930.0 d17.14
MinimumVisualStudioVersion = 10.0.40219.1
Project("{8BC9CEB8-8B4A-11D0-8D11-00A0C91BC942}") = "raylibSnake", "raylibSnake.vcxproj", "{F1EB12D3-84AE-49F9-ABDC-1A37F621ADFC}"
EndProject
Global
	GlobalSection(SolutionConfigurationPlatforms) = preSolution
		Debug|x64 = Debug|x64
		Debug|x86 = Debug|x86
		Release|x64 = Release|x64
		Release|x86 = Release|x86
	EndGlobalSection
	GlobalSection(ProjectConfigurationPlatforms) = postSolution
		{F1EB12D3-84AE-49F9-ABDC-1A37F621ADFC}.Debug|x64.ActiveCfg = Debug|x64
		{F1EB12D3-84AE-49F9-ABDC-1A37F621ADFC}.Debug|x64.Build.0 = Debug|x64
		{F1EB12D3-84AE-49F9-ABDC-1A37F621ADFC}.Debug|x86.ActiveCfg = Debug|Win32
		{F1EB12D3-84AE-49F9-ABDC-1A37F621ADFC}.Debug|x86.Build.0 = Debug|Win32
		{F1EB12D3-84AE-49F9-ABDC-1A37F621ADFC}.Release|x64.ActiveCfg = Release|x64
		{F1EB12D3-84AE-49F9-ABDC-1A37F621ADFC}.Release|x64.Build.0 = Release|x64
		{F1EB12D3-84AE-49F9-ABDC-1A37F621ADFC}.Release|x86.ActiveCfg = Release|Win32
		{F1EB12D3-84AE-49F9-ABDC-1A37F621ADFC}.Release|x86.Build.0 = Release|Win32
	EndGlobalSection
	GlobalSection(SolutionProperties) = preSolution
		HideSolutionNode = FALSE
	EndGlobalSection
	GlobalSection(ExtensibilityGlobals) = postSolution
		SolutionGuid = {01760854-DE5F-4A58-B6FE-4B11E2667E67}
	EndGlobalSection
EndGlobal
